
Microsoft Visual Studio Solution File, Format Version 12.00
# Visual Studio Version 16
VisualStudioVersion = 16.0.30204.135
MinimumVisualStudioVersion = 10.0.40219.1
Project("{9A19103F-16F7-4668-BE54-9A1E7A4F7556}") = "CEC.Blazor", "CEC.Blazor\CEC.Blazor.csproj", "{5A7D4B61-AA1A-4CD7-9EA1-CA435F9AF817}"
EndProject
Project("{9A19103F-16F7-4668-BE54-9A1E7A4F7556}") = "CEC.Blazor.Server", "CEC.Blazor.Server\CEC.Blazor.Server.csproj", "{4BCFDC54-5E15-4D51-8E0F-1A837001263C}"
EndProject
Project("{2150E333-8FDC-42A3-9474-1A3956D46DE8}") = "Articles", "Articles", "{295A9984-5DBE-427B-815F-7FB8735DC716}"
	ProjectSection(SolutionItems) = preProject
		AsyncProgramming.md = AsyncProgramming.md
		Blazor Components.html = Blazor Components.html
		Blazor Components.md = Blazor Components.md
		Boilerplating a Database Application in Blazor - Part 1.md = Boilerplating a Database Application in Blazor - Part 1.md
		Boilerplating a Database Application in Blazor - Part 2.md = Boilerplating a Database Application in Blazor - Part 2.md
		Boilerplating a Database Application in Blazor - Part 3.md = Boilerplating a Database Application in Blazor - Part 3.md
		Building a Blazor Project - Part 1.md = Building a Blazor Project - Part 1.md
		Building a Blazor Project - Part 3.md = Building a Blazor Project - Part 3.md
		Building Blazor UI Components.md = Building Blazor UI Components.md
		CodeProject.css = CodeProject.css
	EndProjectSection
EndProject
Project("{9A19103F-16F7-4668-BE54-9A1E7A4F7556}") = "CEC.Routing", "..\CEC.Routing\CEC.Routing\CEC.Routing.csproj", "{7D964967-65EC-4C13-9A49-88A1985FB56F}"
EndProject
Project("{9A19103F-16F7-4668-BE54-9A1E7A4F7556}") = "CEC.Blazor.WASM.Server", "CEC.Blazor.WASM\Server\CEC.Blazor.WASM.Server.csproj", "{C4055B7D-89F2-4F99-BCAD-72C0F4269525}"
EndProject
Project("{9A19103F-16F7-4668-BE54-9A1E7A4F7556}") = "CEC.Blazor.WASM.Client", "CEC.Blazor.WASM\Client\CEC.Blazor.WASM.Client.csproj", "{87E2687A-C561-42A2-BC02-B1CF0949DCEE}"
EndProject
Project("{9A19103F-16F7-4668-BE54-9A1E7A4F7556}") = "CEC.Blazor.Shared", "CEC.Blazor.WASM\Shared\CEC.Blazor.Shared.csproj", "{8DCD1D5A-0DCE-4923-84C7-D9EB6811AFC0}"
EndProject
Project("{9A19103F-16F7-4668-BE54-9A1E7A4F7556}") = "CEC.Weather", "CEC.Weather\CEC.Weather.csproj", "{DC095B81-B4AF-46C6-A3F3-902D02AF07FA}"
EndProject
Project("{2150E333-8FDC-42A3-9474-1A3956D46DE8}") = "Images", "Images", "{ACEE5B1D-2CDF-4EBD-8D15-5AB9813903A2}"
	ProjectSection(SolutionItems) = preProject
		Images\CEC.Blazor.WASM.Client.png = Images\CEC.Blazor.WASM.Client.png
	EndProjectSection
EndProject
Global
	GlobalSection(SolutionConfigurationPlatforms) = preSolution
		Debug|Any CPU = Debug|Any CPU
		Release|Any CPU = Release|Any CPU
	EndGlobalSection
	GlobalSection(ProjectConfigurationPlatforms) = postSolution
		{5A7D4B61-AA1A-4CD7-9EA1-CA435F9AF817}.Debug|Any CPU.ActiveCfg = Debug|Any CPU
		{5A7D4B61-AA1A-4CD7-9EA1-CA435F9AF817}.Debug|Any CPU.Build.0 = Debug|Any CPU
		{5A7D4B61-AA1A-4CD7-9EA1-CA435F9AF817}.Release|Any CPU.ActiveCfg = Release|Any CPU
		{5A7D4B61-AA1A-4CD7-9EA1-CA435F9AF817}.Release|Any CPU.Build.0 = Release|Any CPU
		{4BCFDC54-5E15-4D51-8E0F-1A837001263C}.Debug|Any CPU.ActiveCfg = Debug|Any CPU
		{4BCFDC54-5E15-4D51-8E0F-1A837001263C}.Debug|Any CPU.Build.0 = Debug|Any CPU
		{4BCFDC54-5E15-4D51-8E0F-1A837001263C}.Release|Any CPU.ActiveCfg = Release|Any CPU
		{4BCFDC54-5E15-4D51-8E0F-1A837001263C}.Release|Any CPU.Build.0 = Release|Any CPU
		{7D964967-65EC-4C13-9A49-88A1985FB56F}.Debug|Any CPU.ActiveCfg = Debug|Any CPU
		{7D964967-65EC-4C13-9A49-88A1985FB56F}.Debug|Any CPU.Build.0 = Debug|Any CPU
		{7D964967-65EC-4C13-9A49-88A1985FB56F}.Release|Any CPU.ActiveCfg = Release|Any CPU
		{7D964967-65EC-4C13-9A49-88A1985FB56F}.Release|Any CPU.Build.0 = Release|Any CPU
		{C4055B7D-89F2-4F99-BCAD-72C0F4269525}.Debug|Any CPU.ActiveCfg = Debug|Any CPU
		{C4055B7D-89F2-4F99-BCAD-72C0F4269525}.Debug|Any CPU.Build.0 = Debug|Any CPU
		{C4055B7D-89F2-4F99-BCAD-72C0F4269525}.Release|Any CPU.ActiveCfg = Release|Any CPU
		{C4055B7D-89F2-4F99-BCAD-72C0F4269525}.Release|Any CPU.Build.0 = Release|Any CPU
		{87E2687A-C561-42A2-BC02-B1CF0949DCEE}.Debug|Any CPU.ActiveCfg = Debug|Any CPU
		{87E2687A-C561-42A2-BC02-B1CF0949DCEE}.Debug|Any CPU.Build.0 = Debug|Any CPU
		{87E2687A-C561-42A2-BC02-B1CF0949DCEE}.Release|Any CPU.ActiveCfg = Release|Any CPU
		{87E2687A-C561-42A2-BC02-B1CF0949DCEE}.Release|Any CPU.Build.0 = Release|Any CPU
		{8DCD1D5A-0DCE-4923-84C7-D9EB6811AFC0}.Debug|Any CPU.ActiveCfg = Debug|Any CPU
		{8DCD1D5A-0DCE-4923-84C7-D9EB6811AFC0}.Debug|Any CPU.Build.0 = Debug|Any CPU
		{8DCD1D5A-0DCE-4923-84C7-D9EB6811AFC0}.Release|Any CPU.ActiveCfg = Release|Any CPU
		{8DCD1D5A-0DCE-4923-84C7-D9EB6811AFC0}.Release|Any CPU.Build.0 = Release|Any CPU
		{DC095B81-B4AF-46C6-A3F3-902D02AF07FA}.Debug|Any CPU.ActiveCfg = Debug|Any CPU
		{DC095B81-B4AF-46C6-A3F3-902D02AF07FA}.Debug|Any CPU.Build.0 = Debug|Any CPU
		{DC095B81-B4AF-46C6-A3F3-902D02AF07FA}.Release|Any CPU.ActiveCfg = Release|Any CPU
		{DC095B81-B4AF-46C6-A3F3-902D02AF07FA}.Release|Any CPU.Build.0 = Release|Any CPU
	EndGlobalSection
	GlobalSection(SolutionProperties) = preSolution
		HideSolutionNode = FALSE
	EndGlobalSection
	GlobalSection(NestedProjects) = preSolution
		{ACEE5B1D-2CDF-4EBD-8D15-5AB9813903A2} = {295A9984-5DBE-427B-815F-7FB8735DC716}
	EndGlobalSection
	GlobalSection(ExtensibilityGlobals) = postSolution
		SolutionGuid = {F4D6C222-7639-42B0-80BD-27D9CDC0FB41}
	EndGlobalSection
EndGlobal
