
Microsoft Visual Studio Solution File, Format Version 12.00
# Visual Studio Version 16
VisualStudioVersion = 16.0.30204.135
MinimumVisualStudioVersion = 10.0.40219.1
Project("{9A19103F-16F7-4668-BE54-9A1E7A4F7556}") = "CEC.Blazor", "CEC.Blazor\CEC.Blazor.csproj", "{5A7D4B61-AA1A-4CD7-9EA1-CA435F9AF817}"
EndProject
Project("{9A19103F-16F7-4668-BE54-9A1E7A4F7556}") = "CEC.Blazor.Server", "CEC.Blazor.Server\CEC.Blazor.Server.csproj", "{4BCFDC54-5E15-4D51-8E0F-1A837001263C}"
EndProject
Project("{9A19103F-16F7-4668-BE54-9A1E7A4F7556}") = "CEC.Blazor.WASM.Server", "CEC.Blazor.WASM\Server\CEC.Blazor.WASM.Server.csproj", "{C4055B7D-89F2-4F99-BCAD-72C0F4269525}"
EndProject
Project("{9A19103F-16F7-4668-BE54-9A1E7A4F7556}") = "CEC.Blazor.WASM.Client", "CEC.Blazor.WASM\Client\CEC.Blazor.WASM.Client.csproj", "{87E2687A-C561-42A2-BC02-B1CF0949DCEE}"
EndProject
Project("{9A19103F-16F7-4668-BE54-9A1E7A4F7556}") = "CEC.Weather", "CEC.Weather\CEC.Weather.csproj", "{DC095B81-B4AF-46C6-A3F3-902D02AF07FA}"
EndProject
Project("{2150E333-8FDC-42A3-9474-1A3956D46DE8}") = "Released Articles", "Released Articles", "{64CAF2C4-8B4B-4D5B-93AF-1C34A0103AB4}"
	ProjectSection(SolutionItems) = preProject
		Released Articles\AsyncProgramming.md = Released Articles\AsyncProgramming.md
		Released Articles\Blazor Components.md = Released Articles\Blazor Components.md
		Released Articles\Building a Database Application in Blazor - Part 1.md = Released Articles\Building a Database Application in Blazor - Part 1.md
		Released Articles\Building a Database Application in Blazor - Part 2.md = Released Articles\Building a Database Application in Blazor - Part 2.md
		Released Articles\CodeProject.css = Released Articles\CodeProject.css
	EndProjectSection
EndProject
Project("{2150E333-8FDC-42A3-9474-1A3956D46DE8}") = "In Process Articles", "In Process Articles", "{955C1E4D-58A1-475D-8266-5B63F2B42F7F}"
	ProjectSection(SolutionItems) = preProject
		In Process Articles\Building a Database Application in Blazor - Part 3.md = In Process Articles\Building a Database Application in Blazor - Part 3.md
		In Process Articles\Building a Database Application in Blazor - Part 4.md = In Process Articles\Building a Database Application in Blazor - Part 4.md
	EndProjectSection
EndProject
Project("{2150E333-8FDC-42A3-9474-1A3956D46DE8}") = "Solution Items", "Solution Items", "{7725F7F9-BB2A-496D-A64B-CD8DB108025C}"
	ProjectSection(SolutionItems) = preProject
		README.md = README.md
	EndProjectSection
EndProject
Global
	GlobalSection(SolutionConfigurationPlatforms) = preSolution
		Debug|Any CPU = Debug|Any CPU
		Release|Any CPU = Release|Any CPU
	EndGlobalSection
	GlobalSection(ProjectConfigurationPlatforms) = postSolution
		{5A7D4B61-AA1A-4CD7-9EA1-CA435F9AF817}.Debug|Any CPU.ActiveCfg = Debug|Any CPU
		{5A7D4B61-AA1A-4CD7-9EA1-CA435F9AF817}.Debug|Any CPU.Build.0 = Debug|Any CPU
		{5A7D4B61-AA1A-4CD7-9EA1-CA435F9AF817}.Release|Any CPU.ActiveCfg = Release|Any CPU
		{5A7D4B61-AA1A-4CD7-9EA1-CA435F9AF817}.Release|Any CPU.Build.0 = Release|Any CPU
		{4BCFDC54-5E15-4D51-8E0F-1A837001263C}.Debug|Any CPU.ActiveCfg = Debug|Any CPU
		{4BCFDC54-5E15-4D51-8E0F-1A837001263C}.Debug|Any CPU.Build.0 = Debug|Any CPU
		{4BCFDC54-5E15-4D51-8E0F-1A837001263C}.Release|Any CPU.ActiveCfg = Release|Any CPU
		{4BCFDC54-5E15-4D51-8E0F-1A837001263C}.Release|Any CPU.Build.0 = Release|Any CPU
		{C4055B7D-89F2-4F99-BCAD-72C0F4269525}.Debug|Any CPU.ActiveCfg = Debug|Any CPU
		{C4055B7D-89F2-4F99-BCAD-72C0F4269525}.Debug|Any CPU.Build.0 = Debug|Any CPU
		{C4055B7D-89F2-4F99-BCAD-72C0F4269525}.Release|Any CPU.ActiveCfg = Release|Any CPU
		{C4055B7D-89F2-4F99-BCAD-72C0F4269525}.Release|Any CPU.Build.0 = Release|Any CPU
		{87E2687A-C561-42A2-BC02-B1CF0949DCEE}.Debug|Any CPU.ActiveCfg = Debug|Any CPU
		{87E2687A-C561-42A2-BC02-B1CF0949DCEE}.Debug|Any CPU.Build.0 = Debug|Any CPU
		{87E2687A-C561-42A2-BC02-B1CF0949DCEE}.Release|Any CPU.ActiveCfg = Release|Any CPU
		{87E2687A-C561-42A2-BC02-B1CF0949DCEE}.Release|Any CPU.Build.0 = Release|Any CPU
		{DC095B81-B4AF-46C6-A3F3-902D02AF07FA}.Debug|Any CPU.ActiveCfg = Debug|Any CPU
		{DC095B81-B4AF-46C6-A3F3-902D02AF07FA}.Debug|Any CPU.Build.0 = Debug|Any CPU
		{DC095B81-B4AF-46C6-A3F3-902D02AF07FA}.Release|Any CPU.ActiveCfg = Release|Any CPU
		{DC095B81-B4AF-46C6-A3F3-902D02AF07FA}.Release|Any CPU.Build.0 = Release|Any CPU
	EndGlobalSection
	GlobalSection(SolutionProperties) = preSolution
		HideSolutionNode = FALSE
	EndGlobalSection
	GlobalSection(ExtensibilityGlobals) = postSolution
		SolutionGuid = {F4D6C222-7639-42B0-80BD-27D9CDC0FB41}
	EndGlobalSection
EndGlobal
